
Microsoft Visual Studio Solution File, Format Version 12.00
# Visual Studio Version 16
VisualStudioVersion = 16.0.30128.74
MinimumVisualStudioVersion = 10.0.40219.1
Project("{FAE04EC0-301F-11D3-BF4B-00C04F79EFBC}") = "RepeaterAndGridViewITDNV", "RepeaterAndGridViewITDNV\RepeaterAndGridViewITDNV.csproj", "{4FC9AF96-A410-4260-92A1-E1C6109571DA}"
EndProject
Global
	GlobalSection(SolutionConfigurationPlatforms) = preSolution
		Debug|Any CPU = Debug|Any CPU
		Release|Any CPU = Release|Any CPU
	EndGlobalSection
	GlobalSection(ProjectConfigurationPlatforms) = postSolution
		{4FC9AF96-A410-4260-92A1-E1C6109571DA}.Debug|Any CPU.ActiveCfg = Debug|Any CPU
		{4FC9AF96-A410-4260-92A1-E1C6109571DA}.Debug|Any CPU.Build.0 = Debug|Any CPU
		{4FC9AF96-A410-4260-92A1-E1C6109571DA}.Release|Any CPU.ActiveCfg = Release|Any CPU
		{4FC9AF96-A410-4260-92A1-E1C6109571DA}.Release|Any CPU.Build.0 = Release|Any CPU
	EndGlobalSection
	GlobalSection(SolutionProperties) = preSolution
		HideSolutionNode = FALSE
	EndGlobalSection
	GlobalSection(ExtensibilityGlobals) = postSolution
		SolutionGuid = {ED6A992C-C2FC-4BB4-8D5E-F98CF70484FA}
	EndGlobalSection
EndGlobal
